
Microsoft Visual Studio Solution File, Format Version 12.00
# Visual Studio Version 17
VisualStudioVersion = 17.4.33205.214
MinimumVisualStudioVersion = 10.0.40219.1
Project("{FAE04EC0-301F-11D3-BF4B-00C04F79EFBC}") = "ExercicioLogica4", "ExercicioLogica4\ExercicioLogica4.csproj", "{3D297B53-5B8F-4419-9D34-723E19425CB9}"
EndProject
Global
	GlobalSection(SolutionConfigurationPlatforms) = preSolution
		Debug|Any CPU = Debug|Any CPU
		Release|Any CPU = Release|Any CPU
	EndGlobalSection
	GlobalSection(ProjectConfigurationPlatforms) = postSolution
		{3D297B53-5B8F-4419-9D34-723E19425CB9}.Debug|Any CPU.ActiveCfg = Debug|Any CPU
		{3D297B53-5B8F-4419-9D34-723E19425CB9}.Debug|Any CPU.Build.0 = Debug|Any CPU
		{3D297B53-5B8F-4419-9D34-723E19425CB9}.Release|Any CPU.ActiveCfg = Release|Any CPU
		{3D297B53-5B8F-4419-9D34-723E19425CB9}.Release|Any CPU.Build.0 = Release|Any CPU
	EndGlobalSection
	GlobalSection(SolutionProperties) = preSolution
		HideSolutionNode = FALSE
	EndGlobalSection
	GlobalSection(ExtensibilityGlobals) = postSolution
		SolutionGuid = {A7A47013-6E14-4C18-BAC5-D0497E07E5A4}
	EndGlobalSection
EndGlobal
