
Microsoft Visual Studio Solution File, Format Version 12.00
# Visual Studio Version 17
VisualStudioVersion = 17.4.33205.214
MinimumVisualStudioVersion = 10.0.40219.1
Project("{FAE04EC0-301F-11D3-BF4B-00C04F79EFBC}") = "ExercicioLogica3", "ExercicioLogica3\ExercicioLogica3.csproj", "{FE4BF184-27E7-4028-8BA3-972D65D70CE4}"
EndProject
Global
	GlobalSection(SolutionConfigurationPlatforms) = preSolution
		Debug|Any CPU = Debug|Any CPU
		Release|Any CPU = Release|Any CPU
	EndGlobalSection
	GlobalSection(ProjectConfigurationPlatforms) = postSolution
		{FE4BF184-27E7-4028-8BA3-972D65D70CE4}.Debug|Any CPU.ActiveCfg = Debug|Any CPU
		{FE4BF184-27E7-4028-8BA3-972D65D70CE4}.Debug|Any CPU.Build.0 = Debug|Any CPU
		{FE4BF184-27E7-4028-8BA3-972D65D70CE4}.Release|Any CPU.ActiveCfg = Release|Any CPU
		{FE4BF184-27E7-4028-8BA3-972D65D70CE4}.Release|Any CPU.Build.0 = Release|Any CPU
	EndGlobalSection
	GlobalSection(SolutionProperties) = preSolution
		HideSolutionNode = FALSE
	EndGlobalSection
	GlobalSection(ExtensibilityGlobals) = postSolution
		SolutionGuid = {BD8FDBD3-4007-4EAE-B818-6B8F26E8C8B8}
	EndGlobalSection
EndGlobal
